
Microsoft Visual Studio Solution File, Format Version 12.00
# Visual Studio Version 17
VisualStudioVersion = 17.2.32616.157
MinimumVisualStudioVersion = 10.0.40219.1
Project("{9A19103F-16F7-4668-BE54-9A1E7A4F7556}") = "WordCounter", "WordCounter\WordCounter.csproj", "{9348172C-7546-4484-AB4D-704DF115A2C5}"
EndProject
Project("{9A19103F-16F7-4668-BE54-9A1E7A4F7556}") = "TextProcessor", "TextProcessor\TextProcessor.csproj", "{56FCC586-E79D-4BAF-8FE1-A9CF34846670}"
EndProject
Project("{9A19103F-16F7-4668-BE54-9A1E7A4F7556}") = "Api", "Api\Api.csproj", "{01C09BB0-C10F-4705-B194-DAE96FF9BA45}"
EndProject
Project("{9A19103F-16F7-4668-BE54-9A1E7A4F7556}") = "Utilities", "Utilities\Utilities.csproj", "{71874F95-65D5-4AEE-85D2-92AFF60098D4}"
EndProject
Project("{9A19103F-16F7-4668-BE54-9A1E7A4F7556}") = "TextProcessor.UnitTests", "TextProcessor.UnitTests\TextProcessor.UnitTests.csproj", "{D81A6D00-F06E-409C-BB4F-34BEB307AB80}"
EndProject
Project("{FAE04EC0-301F-11D3-BF4B-00C04F79EFBC}") = "WordCounter.UnitTests", "WordCounter.UnitTests\WordCounter.UnitTests.csproj", "{FE24A78B-B8C2-49A8-93D2-B4A806CD8EDC}"
EndProject
Global
	GlobalSection(SolutionConfigurationPlatforms) = preSolution
		Debug|Any CPU = Debug|Any CPU
		Release|Any CPU = Release|Any CPU
	EndGlobalSection
	GlobalSection(ProjectConfigurationPlatforms) = postSolution
		{9348172C-7546-4484-AB4D-704DF115A2C5}.Debug|Any CPU.ActiveCfg = Debug|Any CPU
		{9348172C-7546-4484-AB4D-704DF115A2C5}.Debug|Any CPU.Build.0 = Debug|Any CPU
		{9348172C-7546-4484-AB4D-704DF115A2C5}.Release|Any CPU.ActiveCfg = Release|Any CPU
		{9348172C-7546-4484-AB4D-704DF115A2C5}.Release|Any CPU.Build.0 = Release|Any CPU
		{56FCC586-E79D-4BAF-8FE1-A9CF34846670}.Debug|Any CPU.ActiveCfg = Debug|Any CPU
		{56FCC586-E79D-4BAF-8FE1-A9CF34846670}.Debug|Any CPU.Build.0 = Debug|Any CPU
		{56FCC586-E79D-4BAF-8FE1-A9CF34846670}.Release|Any CPU.ActiveCfg = Release|Any CPU
		{56FCC586-E79D-4BAF-8FE1-A9CF34846670}.Release|Any CPU.Build.0 = Release|Any CPU
		{01C09BB0-C10F-4705-B194-DAE96FF9BA45}.Debug|Any CPU.ActiveCfg = Debug|Any CPU
		{01C09BB0-C10F-4705-B194-DAE96FF9BA45}.Debug|Any CPU.Build.0 = Debug|Any CPU
		{01C09BB0-C10F-4705-B194-DAE96FF9BA45}.Release|Any CPU.ActiveCfg = Release|Any CPU
		{01C09BB0-C10F-4705-B194-DAE96FF9BA45}.Release|Any CPU.Build.0 = Release|Any CPU
		{71874F95-65D5-4AEE-85D2-92AFF60098D4}.Debug|Any CPU.ActiveCfg = Debug|Any CPU
		{71874F95-65D5-4AEE-85D2-92AFF60098D4}.Debug|Any CPU.Build.0 = Debug|Any CPU
		{71874F95-65D5-4AEE-85D2-92AFF60098D4}.Release|Any CPU.ActiveCfg = Release|Any CPU
		{71874F95-65D5-4AEE-85D2-92AFF60098D4}.Release|Any CPU.Build.0 = Release|Any CPU
		{D81A6D00-F06E-409C-BB4F-34BEB307AB80}.Debug|Any CPU.ActiveCfg = Debug|Any CPU
		{D81A6D00-F06E-409C-BB4F-34BEB307AB80}.Debug|Any CPU.Build.0 = Debug|Any CPU
		{D81A6D00-F06E-409C-BB4F-34BEB307AB80}.Release|Any CPU.ActiveCfg = Release|Any CPU
		{D81A6D00-F06E-409C-BB4F-34BEB307AB80}.Release|Any CPU.Build.0 = Release|Any CPU
		{FE24A78B-B8C2-49A8-93D2-B4A806CD8EDC}.Debug|Any CPU.ActiveCfg = Debug|Any CPU
		{FE24A78B-B8C2-49A8-93D2-B4A806CD8EDC}.Debug|Any CPU.Build.0 = Debug|Any CPU
		{FE24A78B-B8C2-49A8-93D2-B4A806CD8EDC}.Release|Any CPU.ActiveCfg = Release|Any CPU
		{FE24A78B-B8C2-49A8-93D2-B4A806CD8EDC}.Release|Any CPU.Build.0 = Release|Any CPU
	EndGlobalSection
	GlobalSection(SolutionProperties) = preSolution
		HideSolutionNode = FALSE
	EndGlobalSection
	GlobalSection(ExtensibilityGlobals) = postSolution
		SolutionGuid = {FF5B1879-CB75-4B30-B553-D4A7B69D0A1B}
	EndGlobalSection
EndGlobal
